{
  "pins" : [
    {
      "identity" : "compatibility",
      "kind" : "remoteSourceControl",
      "location" : "https://github.com/kudit/Compatibility.git",
      "state" : {
        "revision" : "8742e18f0bbe175b71b951a328dc510a4cc13deb",
        "version" : "1.15.2"
      }
    }
  ],
  "version" : 2
}
