{
  "pins" : [
    {
      "identity" : "compatibility",
      "kind" : "remoteSourceControl",
      "location" : "https://github.com/kudit/Compatibility.git",
      "state" : {
        "revision" : "f1f025fc8bf084d2b0cc919a4f38c82515ed74f6",
        "version" : "1.18.2"
      }
    }
  ],
  "version" : 2
}
