{
  "pins" : [
    {
      "identity" : "compatibility",
      "kind" : "remoteSourceControl",
      "location" : "https://github.com/kudit/Compatibility",
      "state" : {
        "revision" : "1ae08d2a42cfccd36e4575c5879780fb53cb7ab5",
        "version" : "1.10.15"
      }
    }
  ],
  "version" : 2
}
