{
  "pins" : [
    {
      "identity" : "compatibility",
      "kind" : "remoteSourceControl",
      "location" : "https://github.com/kudit/Compatibility.git",
      "state" : {
        "revision" : "9b8d0934357702c47d5fd36fb26948a70475314a",
        "version" : "1.14.0"
      }
    }
  ],
  "version" : 2
}
