{
  "pins" : [
    {
      "identity" : "compatibility",
      "kind" : "remoteSourceControl",
      "location" : "https://github.com/kudit/Compatibility.git",
      "state" : {
        "revision" : "9f8ed4427ddd53078b31ac51860e1cef0abba7ab",
        "version" : "1.19.8"
      }
    }
  ],
  "version" : 2
}
